github.com/prataprc/goparsec v0.0.0-20211219142520-daac0e635e7e h1:7teoyCCMBovX+/L3/C2adcGNJI6Tsx6a2hbWQ8vWoO8=
github.com/prataprc/goparsec v0.0.0-20211219142520-daac0e635e7e/go.mod h1:YbpxZqbf10o5u96/iDpcfDQmbIOTX/iNCH/yBByTfaM=
github.com/teris-io/cli v1.0.1 h1:J6jnVHC552uqx7zT+Ux0++tIvLmJQULqxVhCid2u/Gk=
github.com/teris-io/cli v1.0.1/go.mod h1:V9nVD5aZ873RU/tQXLSXO8FieVPQhQvuNohsdsKXsGw=
